
Microsoft Visual Studio Solution File, Format Version 12.00
# Visual Studio Express 14 for Web
VisualStudioVersion = 14.0.25420.1
MinimumVisualStudioVersion = 10.0.40219.1
Project("{FAE04EC0-301F-11D3-BF4B-00C04F79EFBC}") = "employeemanagement", "WebApplication1\employeemanagement.csproj", "{08CC6DA1-7E22-4538-BB79-2CBCD8E5117A}"
EndProject
Global
	GlobalSection(SolutionConfigurationPlatforms) = preSolution
		Debug|Any CPU = Debug|Any CPU
		Release|Any CPU = Release|Any CPU
	EndGlobalSection
	GlobalSection(ProjectConfigurationPlatforms) = postSolution
		{08CC6DA1-7E22-4538-BB79-2CBCD8E5117A}.Debug|Any CPU.ActiveCfg = Debug|Any CPU
		{08CC6DA1-7E22-4538-BB79-2CBCD8E5117A}.Debug|Any CPU.Build.0 = Debug|Any CPU
		{08CC6DA1-7E22-4538-BB79-2CBCD8E5117A}.Release|Any CPU.ActiveCfg = Release|Any CPU
		{08CC6DA1-7E22-4538-BB79-2CBCD8E5117A}.Release|Any CPU.Build.0 = Release|Any CPU
	EndGlobalSection
	GlobalSection(SolutionProperties) = preSolution
		HideSolutionNode = FALSE
	EndGlobalSection
EndGlobal
